
Microsoft Visual Studio Solution File, Format Version 12.00
# Visual Studio Version 17
VisualStudioVersion = 17.6.33723.286
MinimumVisualStudioVersion = 10.0.40219.1
Project("{FAE04EC0-301F-11D3-BF4B-00C04F79EFBC}") = "Bodrocode.xUnitLogging", "Bodrocode.xUnitLogging\Bodrocode.xUnitLogging.csproj", "{2B77E34D-96A7-413F-947E-ECECCA3E3965}"
EndProject
Project("{FAE04EC0-301F-11D3-BF4B-00C04F79EFBC}") = "Bodrocode.xUnitLogging.Tests", "Bodrocode.xUnitLogging.Tests\Bodrocode.xUnitLogging.Tests.csproj", "{FF09575D-FE30-40D1-9272-F6AEC40D03A1}"
EndProject
Global
	GlobalSection(SolutionConfigurationPlatforms) = preSolution
		Debug|Any CPU = Debug|Any CPU
		Release|Any CPU = Release|Any CPU
	EndGlobalSection
	GlobalSection(ProjectConfigurationPlatforms) = postSolution
		{2B77E34D-96A7-413F-947E-ECECCA3E3965}.Debug|Any CPU.ActiveCfg = Debug|Any CPU
		{2B77E34D-96A7-413F-947E-ECECCA3E3965}.Debug|Any CPU.Build.0 = Debug|Any CPU
		{2B77E34D-96A7-413F-947E-ECECCA3E3965}.Release|Any CPU.ActiveCfg = Release|Any CPU
		{2B77E34D-96A7-413F-947E-ECECCA3E3965}.Release|Any CPU.Build.0 = Release|Any CPU
		{FF09575D-FE30-40D1-9272-F6AEC40D03A1}.Debug|Any CPU.ActiveCfg = Debug|Any CPU
		{FF09575D-FE30-40D1-9272-F6AEC40D03A1}.Debug|Any CPU.Build.0 = Debug|Any CPU
		{FF09575D-FE30-40D1-9272-F6AEC40D03A1}.Release|Any CPU.ActiveCfg = Release|Any CPU
		{FF09575D-FE30-40D1-9272-F6AEC40D03A1}.Release|Any CPU.Build.0 = Release|Any CPU
	EndGlobalSection
	GlobalSection(SolutionProperties) = preSolution
		HideSolutionNode = FALSE
	EndGlobalSection
	GlobalSection(ExtensibilityGlobals) = postSolution
		SolutionGuid = {B226267F-CA27-41D5-8267-5623BE716FBD}
	EndGlobalSection
EndGlobal
